// !$*UTF8*$!
{
	archiveVersion = 1;
	classes = {
	};
	objectVersion = 48;
	objects = {

/* Begin PBXBuildFile section */
		590BA9C71FE73FEC00F0521B /* AppDelegate.swift in Sources */ = {isa = PBXBuildFile; fileRef = 590BA9C61FE73FEC00F0521B /* AppDelegate.swift */; };
		590BA9CE1FE73FEC00F0521B /* Assets.xcassets in Resources */ = {isa = PBXBuildFile; fileRef = 590BA9CD1FE73FEC00F0521B /* Assets.xcassets */; };
		590BA9D11FE73FEC00F0521B /* LaunchScreen.storyboard in Resources */ = {isa = PBXBuildFile; fileRef = 590BA9CF1FE73FEC00F0521B /* LaunchScreen.storyboard */; };
		590BA9DC1FE7429F00F0521B /* Default-568h@2x.png in Resources */ = {isa = PBXBuildFile; fileRef = 590BA9DB1FE7429F00F0521B /* Default-568h@2x.png */; };
		596F73DF1FEDA4C400EC8107 /* Time.swift in Sources */ = {isa = PBXBuildFile; fileRef = 596F73DE1FEDA4C400EC8107 /* Time.swift */; };
		59B6C4FE1FEE979D0090F2F1 /* Main.storyboard in Resources */ = {isa = PBXBuildFile; fileRef = 59B6C4FD1FEE979D0090F2F1 /* Main.storyboard */; };
		59B6C5001FEE9B9B0090F2F1 /* ViewController.swift in Sources */ = {isa = PBXBuildFile; fileRef = 59B6C4FF1FEE9B9B0090F2F1 /* ViewController.swift */; };
		59B6C5041FEE9EBC0090F2F1 /* StoryboardButton.swift in Sources */ = {isa = PBXBuildFile; fileRef = 59B6C5031FEE9EBC0090F2F1 /* StoryboardButton.swift */; };
		59F8CA5C1FECAE13004EA7E5 /* Prompt.swift in Sources */ = {isa = PBXBuildFile; fileRef = 59F8CA5B1FECAE13004EA7E5 /* Prompt.swift */; };
/* End PBXBuildFile section */

/* Begin PBXFileReference section */
		590BA9C31FE73FEC00F0521B /* Shamaz.app */ = {isa = PBXFileReference; explicitFileType = wrapper.application; includeInIndex = 0; path = Shamaz.app; sourceTree = BUILT_PRODUCTS_DIR; };
		590BA9C61FE73FEC00F0521B /* AppDelegate.swift */ = {isa = PBXFileReference; lastKnownFileType = sourcecode.swift; path = AppDelegate.swift; sourceTree = "<group>"; };
		590BA9CD1FE73FEC00F0521B /* Assets.xcassets */ = {isa = PBXFileReference; lastKnownFileType = folder.assetcatalog; path = Assets.xcassets; sourceTree = "<group>"; };
		590BA9D01FE73FEC00F0521B /* Base */ = {isa = PBXFileReference; lastKnownFileType = file.storyboard; name = Base; path = Base.lproj/LaunchScreen.storyboard; sourceTree = "<group>"; };
		590BA9D21FE73FEC00F0521B /* Info.plist */ = {isa = PBXFileReference; lastKnownFileType = text.plist.xml; path = Info.plist; sourceTree = "<group>"; };
		590BA9DB1FE7429F00F0521B /* Default-568h@2x.png */ = {isa = PBXFileReference; lastKnownFileType = image.png; path = "Default-568h@2x.png"; sourceTree = "<group>"; };
		596F73DE1FEDA4C400EC8107 /* Time.swift */ = {isa = PBXFileReference; lastKnownFileType = sourcecode.swift; path = Time.swift; sourceTree = "<group>"; };
		59B6C4FD1FEE979D0090F2F1 /* Main.storyboard */ = {isa = PBXFileReference; lastKnownFileType = file.storyboard; path = Main.storyboard; sourceTree = "<group>"; };
		59B6C4FF1FEE9B9B0090F2F1 /* ViewController.swift */ = {isa = PBXFileReference; lastKnownFileType = sourcecode.swift; path = ViewController.swift; sourceTree = "<group>"; };
		59B6C5031FEE9EBC0090F2F1 /* StoryboardButton.swift */ = {isa = PBXFileReference; lastKnownFileType = sourcecode.swift; path = StoryboardButton.swift; sourceTree = "<group>"; };
		59F8CA5B1FECAE13004EA7E5 /* Prompt.swift */ = {isa = PBXFileReference; lastKnownFileType = sourcecode.swift; path = Prompt.swift; sourceTree = "<group>"; };
/* End PBXFileReference section */

/* Begin PBXFrameworksBuildPhase section */
		590BA9C01FE73FEC00F0521B /* Frameworks */ = {
			isa = PBXFrameworksBuildPhase;
			buildActionMask = 2147483647;
			files = (
			);
			runOnlyForDeploymentPostprocessing = 0;
		};
/* End PBXFrameworksBuildPhase section */

/* Begin PBXGroup section */
		590BA9BA1FE73FEC00F0521B = {
			isa = PBXGroup;
			children = (
				590BA9C51FE73FEC00F0521B /* Shamaz */,
				590BA9C41FE73FEC00F0521B /* Products */,
			);
			sourceTree = "<group>";
		};
		590BA9C41FE73FEC00F0521B /* Products */ = {
			isa = PBXGroup;
			children = (
				590BA9C31FE73FEC00F0521B /* Shamaz.app */,
			);
			name = Products;
			sourceTree = "<group>";
		};
		590BA9C51FE73FEC00F0521B /* Shamaz */ = {
			isa = PBXGroup;
			children = (
				590BA9C61FE73FEC00F0521B /* AppDelegate.swift */,
				59F8CA5A1FECAD88004EA7E5 /* Model */,
				590BA9D91FE7425E00F0521B /* View */,
				590BA9D81FE7425400F0521B /* Controller */,
				590BA9DA1FE7427500F0521B /* Supporting Files */,
			);
			path = Shamaz;
			sourceTree = "<group>";
		};
		590BA9D81FE7425400F0521B /* Controller */ = {
			isa = PBXGroup;
			children = (
				59B6C4FF1FEE9B9B0090F2F1 /* ViewController.swift */,
			);
			path = Controller;
			sourceTree = "<group>";
		};
		590BA9D91FE7425E00F0521B /* View */ = {
			isa = PBXGroup;
			children = (
				59B6C5031FEE9EBC0090F2F1 /* StoryboardButton.swift */,
			);
			path = View;
			sourceTree = "<group>";
		};
		590BA9DA1FE7427500F0521B /* Supporting Files */ = {
			isa = PBXGroup;
			children = (
				590BA9D21FE73FEC00F0521B /* Info.plist */,
				590BA9DB1FE7429F00F0521B /* Default-568h@2x.png */,
				590BA9CD1FE73FEC00F0521B /* Assets.xcassets */,
				59B6C4FD1FEE979D0090F2F1 /* Main.storyboard */,
				590BA9CF1FE73FEC00F0521B /* LaunchScreen.storyboard */,
			);
			path = "Supporting Files";
			sourceTree = "<group>";
		};
		59F8CA5A1FECAD88004EA7E5 /* Model */ = {
			isa = PBXGroup;
			children = (
				59F8CA5B1FECAE13004EA7E5 /* Prompt.swift */,
				596F73DE1FEDA4C400EC8107 /* Time.swift */,
			);
			path = Model;
			sourceTree = "<group>";
		};
/* End PBXGroup section */

/* Begin PBXNativeTarget section */
		590BA9C21FE73FEC00F0521B /* Shamaz */ = {
			isa = PBXNativeTarget;
			buildConfigurationList = 590BA9D51FE73FEC00F0521B /* Build configuration list for PBXNativeTarget "Shamaz" */;
			buildPhases = (
				590BA9BF1FE73FEC00F0521B /* Sources */,
				590BA9C01FE73FEC00F0521B /* Frameworks */,
				590BA9C11FE73FEC00F0521B /* Resources */,
			);
			buildRules = (
			);
			dependencies = (
			);
			name = Shamaz;
			productName = Shamaz;
			productReference = 590BA9C31FE73FEC00F0521B /* Shamaz.app */;
			productType = "com.apple.product-type.application";
		};
/* End PBXNativeTarget section */

/* Begin PBXProject section */
		590BA9BB1FE73FEC00F0521B /* Project object */ = {
			isa = PBXProject;
			attributes = {
				LastSwiftUpdateCheck = 0920;
				LastUpgradeCheck = 0920;
				ORGANIZATIONNAME = "Spencer Forrest";
				TargetAttributes = {
					590BA9C21FE73FEC00F0521B = {
						CreatedOnToolsVersion = 9.2;
						ProvisioningStyle = Automatic;
					};
				};
			};
			buildConfigurationList = 590BA9BE1FE73FEC00F0521B /* Build configuration list for PBXProject "Shamaz" */;
			compatibilityVersion = "Xcode 8.0";
			developmentRegion = en;
			hasScannedForEncodings = 0;
			knownRegions = (
				en,
				Base,
			);
			mainGroup = 590BA9BA1FE73FEC00F0521B;
			productRefGroup = 590BA9C41FE73FEC00F0521B /* Products */;
			projectDirPath = "";
			projectRoot = "";
			targets = (
				590BA9C21FE73FEC00F0521B /* Shamaz */,
			);
		};
/* End PBXProject section */

/* Begin PBXResourcesBuildPhase section */
		590BA9C11FE73FEC00F0521B /* Resources */ = {
			isa = PBXResourcesBuildPhase;
			buildActionMask = 2147483647;
			files = (
				590BA9D11FE73FEC00F0521B /* LaunchScreen.storyboard in Resources */,
				590BA9DC1FE7429F00F0521B /* Default-568h@2x.png in Resources */,
				590BA9CE1FE73FEC00F0521B /* Assets.xcassets in Resources */,
				59B6C4FE1FEE979D0090F2F1 /* Main.storyboard in Resources */,
			);
			runOnlyForDeploymentPostprocessing = 0;
		};
/* End PBXResourcesBuildPhase section */

/* Begin PBXSourcesBuildPhase section */
		590BA9BF1FE73FEC00F0521B /* Sources */ = {
			isa = PBXSourcesBuildPhase;
			buildActionMask = 2147483647;
			files = (
				59B6C5041FEE9EBC0090F2F1 /* StoryboardButton.swift in Sources */,
				596F73DF1FEDA4C400EC8107 /* Time.swift in Sources */,
				59B6C5001FEE9B9B0090F2F1 /* ViewController.swift in Sources */,
				590BA9C71FE73FEC00F0521B /* AppDelegate.swift in Sources */,
				59F8CA5C1FECAE13004EA7E5 /* Prompt.swift in Sources */,
			);
			runOnlyForDeploymentPostprocessing = 0;
		};
/* End PBXSourcesBuildPhase section */

/* Begin PBXVariantGroup section */
		590BA9CF1FE73FEC00F0521B /* LaunchScreen.storyboard */ = {
			isa = PBXVariantGroup;
			children = (
				590BA9D01FE73FEC00F0521B /* Base */,
			);
			name = LaunchScreen.storyboard;
			sourceTree = "<group>";
		};
/* End PBXVariantGroup section */

/* Begin XCBuildConfiguration section */
		590BA9D31FE73FEC00F0521B /* Debug */ = {
			isa = XCBuildConfiguration;
			buildSettings = {
				ALWAYS_SEARCH_USER_PATHS = NO;
				CLANG_ANALYZER_NONNULL = YES;
				CLANG_ANALYZER_NUMBER_OBJECT_CONVERSION = YES_AGGRESSIVE;
				CLANG_CXX_LANGUAGE_STANDARD = "gnu++14";
				CLANG_CXX_LIBRARY = "libc++";
				CLANG_ENABLE_MODULES = YES;
				CLANG_ENABLE_OBJC_ARC = YES;
				CLANG_WARN_BLOCK_CAPTURE_AUTORELEASING = YES;
				CLANG_WARN_BOOL_CONVERSION = YES;
				CLANG_WARN_COMMA = YES;
				CLANG_WARN_CONSTANT_CONVERSION = YES;
				CLANG_WARN_DIRECT_OBJC_ISA_USAGE = YES_ERROR;
				CLANG_WARN_DOCUMENTATION_COMMENTS = YES;
				CLANG_WARN_EMPTY_BODY = YES;
				CLANG_WARN_ENUM_CONVERSION = YES;
				CLANG_WARN_INFINITE_RECURSION = YES;
				CLANG_WARN_INT_CONVERSION = YES;
				CLANG_WARN_NON_LITERAL_NULL_CONVERSION = YES;
				CLANG_WARN_OBJC_LITERAL_CONVERSION = YES;
				CLANG_WARN_OBJC_ROOT_CLASS = YES_ERROR;
				CLANG_WARN_RANGE_LOOP_ANALYSIS = YES;
				CLANG_WARN_STRICT_PROTOTYPES = YES;
				CLANG_WARN_SUSPICIOUS_MOVE = YES;
				CLANG_WARN_UNGUARDED_AVAILABILITY = YES_AGGRESSIVE;
				CLANG_WARN_UNREACHABLE_CODE = YES;
				CLANG_WARN__DUPLICATE_METHOD_MATCH = YES;
				CODE_SIGN_IDENTITY = "iPhone Developer";
				COPY_PHASE_STRIP = NO;
				DEBUG_INFORMATION_FORMAT = dwarf;
				ENABLE_STRICT_OBJC_MSGSEND = YES;
				ENABLE_TESTABILITY = YES;
				GCC_C_LANGUAGE_STANDARD = gnu11;
				GCC_DYNAMIC_NO_PIC = NO;
				GCC_NO_COMMON_BLOCKS = YES;
				GCC_OPTIMIZATION_LEVEL = 0;
				GCC_PREPROCESSOR_DEFINITIONS = (
					"DEBUG=1",
					"$(inherited)",
				);
				GCC_WARN_64_TO_32_BIT_CONVERSION = YES;
				GCC_WARN_ABOUT_RETURN_TYPE = YES_ERROR;
				GCC_WARN_UNDECLARED_SELECTOR = YES;
				GCC_WARN_UNINITIALIZED_AUTOS = YES_AGGRESSIVE;
				GCC_WARN_UNUSED_FUNCTION = YES;
				GCC_WARN_UNUSED_VARIABLE = YES;
				IPHONEOS_DEPLOYMENT_TARGET = 11.2;
				MTL_ENABLE_DEBUG_INFO = YES;
				ONLY_ACTIVE_ARCH = YES;
				SDKROOT = iphoneos;
				SWIFT_ACTIVE_COMPILATION_CONDITIONS = DEBUG;
				SWIFT_OPTIMIZATION_LEVEL = "-Onone";
			};
			name = Debug;
		};
		590BA9D41FE73FEC00F0521B /* Release */ = {
			isa = XCBuildConfiguration;
			buildSettings = {
				ALWAYS_SEARCH_USER_PATHS = NO;
				CLANG_ANALYZER_NONNULL = YES;
				CLANG_ANALYZER_NUMBER_OBJECT_CONVERSION = YES_AGGRESSIVE;
				CLANG_CXX_LANGUAGE_STANDARD = "gnu++14";
				CLANG_CXX_LIBRARY = "libc++";
				CLANG_ENABLE_MODULES = YES;
				CLANG_ENABLE_OBJC_ARC = YES;
				CLANG_WARN_BLOCK_CAPTURE_AUTORELEASING = YES;
				CLANG_WARN_BOOL_CONVERSION = YES;
				CLANG_WARN_COMMA = YES;
				CLANG_WARN_CONSTANT_CONVERSION = YES;
				CLANG_WARN_DIRECT_OBJC_ISA_USAGE = YES_ERROR;
				CLANG_WARN_DOCUMENTATION_COMMENTS = YES;
				CLANG_WARN_EMPTY_BODY = YES;
				CLANG_WARN_ENUM_CONVERSION = YES;
				CLANG_WARN_INFINITE_RECURSION = YES;
				CLANG_WARN_INT_CONVERSION = YES;
				CLANG_WARN_NON_LITERAL_NULL_CONVERSION = YES;
				CLANG_WARN_OBJC_LITERAL_CONVERSION = YES;
				CLANG_WARN_OBJC_ROOT_CLASS = YES_ERROR;
				CLANG_WARN_RANGE_LOOP_ANALYSIS = YES;
				CLANG_WARN_STRICT_PROTOTYPES = YES;
				CLANG_WARN_SUSPICIOUS_MOVE = YES;
				CLANG_WARN_UNGUARDED_AVAILABILITY = YES_AGGRESSIVE;
				CLANG_WARN_UNREACHABLE_CODE = YES;
				CLANG_WARN__DUPLICATE_METHOD_MATCH = YES;
				CODE_SIGN_IDENTITY = "iPhone Developer";
				COPY_PHASE_STRIP = NO;
				DEBUG_INFORMATION_FORMAT = "dwarf-with-dsym";
				ENABLE_NS_ASSERTIONS = NO;
				ENABLE_STRICT_OBJC_MSGSEND = YES;
				GCC_C_LANGUAGE_STANDARD = gnu11;
				GCC_NO_COMMON_BLOCKS = YES;
				GCC_WARN_64_TO_32_BIT_CONVERSION = YES;
				GCC_WARN_ABOUT_RETURN_TYPE = YES_ERROR;
				GCC_WARN_UNDECLARED_SELECTOR = YES;
				GCC_WARN_UNINITIALIZED_AUTOS = YES_AGGRESSIVE;
				GCC_WARN_UNUSED_FUNCTION = YES;
				GCC_WARN_UNUSED_VARIABLE = YES;
				IPHONEOS_DEPLOYMENT_TARGET = 11.2;
				MTL_ENABLE_DEBUG_INFO = NO;
				SDKROOT = iphoneos;
				SWIFT_OPTIMIZATION_LEVEL = "-Owholemodule";
				VALIDATE_PRODUCT = YES;
			};
			name = Release;
		};
		590BA9D61FE73FEC00F0521B /* Debug */ = {
			isa = XCBuildConfiguration;
			buildSettings = {
				ASSETCATALOG_COMPILER_APPICON_NAME = AppIcon;
				CODE_SIGN_STYLE = Automatic;
				DEVELOPMENT_TEAM = HT9N5JEKMU;
				INFOPLIST_FILE = "Shamaz/Supporting Files/Info.plist";
				LD_RUNPATH_SEARCH_PATHS = "$(inherited) @executable_path/Frameworks";
				PRODUCT_BUNDLE_IDENTIFIER = com.devmob.Shamaz;
				PRODUCT_NAME = "$(TARGET_NAME)";
				SWIFT_VERSION = 4.0;
				TARGETED_DEVICE_FAMILY = "1,2";
			};
			name = Debug;
		};
		590BA9D71FE73FEC00F0521B /* Release */ = {
			isa = XCBuildConfiguration;
			buildSettings = {
				ASSETCATALOG_COMPILER_APPICON_NAME = AppIcon;
				CODE_SIGN_STYLE = Automatic;
				DEVELOPMENT_TEAM = HT9N5JEKMU;
				INFOPLIST_FILE = "Shamaz/Supporting Files/Info.plist";
				LD_RUNPATH_SEARCH_PATHS = "$(inherited) @executable_path/Frameworks";
				PRODUCT_BUNDLE_IDENTIFIER = com.devmob.Shamaz;
				PRODUCT_NAME = "$(TARGET_NAME)";
				SWIFT_VERSION = 4.0;
				TARGETED_DEVICE_FAMILY = "1,2";
			};
			name = Release;
		};
/* End XCBuildConfiguration section */

/* Begin XCConfigurationList section */
		590BA9BE1FE73FEC00F0521B /* Build configuration list for PBXProject "Shamaz" */ = {
			isa = XCConfigurationList;
			buildConfigurations = (
				590BA9D31FE73FEC00F0521B /* Debug */,
				590BA9D41FE73FEC00F0521B /* Release */,
			);
			defaultConfigurationIsVisible = 0;
			defaultConfigurationName = Release;
		};
		590BA9D51FE73FEC00F0521B /* Build configuration list for PBXNativeTarget "Shamaz" */ = {
			isa = XCConfigurationList;
			buildConfigurations = (
				590BA9D61FE73FEC00F0521B /* Debug */,
				590BA9D71FE73FEC00F0521B /* Release */,
			);
			defaultConfigurationIsVisible = 0;
			defaultConfigurationName = Release;
		};
/* End XCConfigurationList section */
	};
	rootObject = 590BA9BB1FE73FEC00F0521B /* Project object */;
}
